
Microsoft Visual Studio Solution File, Format Version 12.00
# Visual Studio 2012
Project("{FAE04EC0-301F-11D3-BF4B-00C04F79EFBC}") = "ThinkingHome.NooLite", "ThinkingHome.NooLite\ThinkingHome.NooLite.csproj", "{13CF9847-9279-4815-B573-70CC152201A2}"
EndProject
Project("{FAE04EC0-301F-11D3-BF4B-00C04F79EFBC}") = "ThinkingHome.NooLite.Console", "ThinkingHome.NooLite.Console\ThinkingHome.NooLite.Console.csproj", "{47BB589E-63ED-4C46-857D-98DC2215C9CA}"
EndProject
Global
	GlobalSection(SolutionConfigurationPlatforms) = preSolution
		Debug|Any CPU = Debug|Any CPU
		Release|Any CPU = Release|Any CPU
	EndGlobalSection
	GlobalSection(ProjectConfigurationPlatforms) = postSolution
		{13CF9847-9279-4815-B573-70CC152201A2}.Debug|Any CPU.ActiveCfg = Debug|Any CPU
		{13CF9847-9279-4815-B573-70CC152201A2}.Debug|Any CPU.Build.0 = Debug|Any CPU
		{13CF9847-9279-4815-B573-70CC152201A2}.Release|Any CPU.ActiveCfg = Release|Any CPU
		{13CF9847-9279-4815-B573-70CC152201A2}.Release|Any CPU.Build.0 = Release|Any CPU
		{47BB589E-63ED-4C46-857D-98DC2215C9CA}.Debug|Any CPU.ActiveCfg = Debug|Any CPU
		{47BB589E-63ED-4C46-857D-98DC2215C9CA}.Debug|Any CPU.Build.0 = Debug|Any CPU
		{47BB589E-63ED-4C46-857D-98DC2215C9CA}.Release|Any CPU.ActiveCfg = Release|Any CPU
		{47BB589E-63ED-4C46-857D-98DC2215C9CA}.Release|Any CPU.Build.0 = Release|Any CPU
	EndGlobalSection
	GlobalSection(SolutionProperties) = preSolution
		HideSolutionNode = FALSE
	EndGlobalSection
EndGlobal
