
Microsoft Visual Studio Solution File, Format Version 12.00
# Visual Studio 2013
VisualStudioVersion = 12.0.30501.0
MinimumVisualStudioVersion = 10.0.40219.1
Project("{2150E333-8FDC-42A3-9474-1A3956D46DE8}") = "build", "build", "{2AD111E7-6071-431E-B05D-8A3B6BA3762C}"
	ProjectSection(SolutionItems) = preProject
		build\main.build = build\main.build
		build\ThinkingHome.NooLite.nuspec = build\ThinkingHome.NooLite.nuspec
	EndProjectSection
EndProject
Project("{FAE04EC0-301F-11D3-BF4B-00C04F79EFBC}") = "ThinkingHome.NooLite", "ThinkingHome.NooLite\ThinkingHome.NooLite.csproj", "{13CF9847-9279-4815-B573-70CC152201A2}"
EndProject
Project("{FAE04EC0-301F-11D3-BF4B-00C04F79EFBC}") = "ThinkingHome.NooLite.Console", "ThinkingHome.NooLite.Console\ThinkingHome.NooLite.Console.csproj", "{47BB589E-63ED-4C46-857D-98DC2215C9CA}"
EndProject
Project("{FAE04EC0-301F-11D3-BF4B-00C04F79EFBC}") = "ThinkingHome.NooLite.Web", "ThinkingHome.NooLite.Web\ThinkingHome.NooLite.Web.csproj", "{7C9A0D70-AC86-4299-BB9E-68590943C674}"
EndProject
Project("{930C7802-8A8C-48F9-8165-68863BCCD9DD}") = "ThinkingHome.NooLite.Install", "ThinkingHome.NooLite.Install\ThinkingHome.NooLite.Install.wixproj", "{E6371289-4FBC-412C-B136-7D27613CB77A}"
EndProject
Project("{930C7802-8A8C-48F9-8165-68863BCCD9DD}") = "ThinkingHome.NooLite.Install.Complete", "ThinkingHome.NooLite.Install.Complete\ThinkingHome.NooLite.Install.Complete.wixproj", "{C60E5959-14C9-41BF-9247-261FEBAD019E}"
EndProject
Project("{FAE04EC0-301F-11D3-BF4B-00C04F79EFBC}") = "ThinkingHome.NooLite.Web.Configurator", "ThinkingHome.NooLite.Web.Configurator\ThinkingHome.NooLite.Web.Configurator.csproj", "{8308ED0D-8068-4205-B6E2-B7F0620CDD81}"
EndProject
Project("{FAE04EC0-301F-11D3-BF4B-00C04F79EFBC}") = "ThinkingHome.NooLite.Install.CustomActions", "ThinkingHome.NooLite.Install.CustomActions\ThinkingHome.NooLite.Install.CustomActions.csproj", "{D0E09F8D-71E7-42E7-BD50-B27E71A3CFBF}"
EndProject
Global
	GlobalSection(SolutionConfigurationPlatforms) = preSolution
		Debug|Any CPU = Debug|Any CPU
		Debug|Mixed Platforms = Debug|Mixed Platforms
		Debug|x86 = Debug|x86
		Release|Any CPU = Release|Any CPU
		Release|Mixed Platforms = Release|Mixed Platforms
		Release|x86 = Release|x86
	EndGlobalSection
	GlobalSection(ProjectConfigurationPlatforms) = postSolution
		{13CF9847-9279-4815-B573-70CC152201A2}.Debug|Any CPU.ActiveCfg = Debug|Any CPU
		{13CF9847-9279-4815-B573-70CC152201A2}.Debug|Any CPU.Build.0 = Debug|Any CPU
		{13CF9847-9279-4815-B573-70CC152201A2}.Debug|Mixed Platforms.ActiveCfg = Debug|Any CPU
		{13CF9847-9279-4815-B573-70CC152201A2}.Debug|Mixed Platforms.Build.0 = Debug|Any CPU
		{13CF9847-9279-4815-B573-70CC152201A2}.Debug|x86.ActiveCfg = Debug|Any CPU
		{13CF9847-9279-4815-B573-70CC152201A2}.Release|Any CPU.ActiveCfg = Release|Any CPU
		{13CF9847-9279-4815-B573-70CC152201A2}.Release|Any CPU.Build.0 = Release|Any CPU
		{13CF9847-9279-4815-B573-70CC152201A2}.Release|Mixed Platforms.ActiveCfg = Release|Any CPU
		{13CF9847-9279-4815-B573-70CC152201A2}.Release|Mixed Platforms.Build.0 = Release|Any CPU
		{13CF9847-9279-4815-B573-70CC152201A2}.Release|x86.ActiveCfg = Release|Any CPU
		{47BB589E-63ED-4C46-857D-98DC2215C9CA}.Debug|Any CPU.ActiveCfg = Debug|Any CPU
		{47BB589E-63ED-4C46-857D-98DC2215C9CA}.Debug|Any CPU.Build.0 = Debug|Any CPU
		{47BB589E-63ED-4C46-857D-98DC2215C9CA}.Debug|Mixed Platforms.ActiveCfg = Debug|Any CPU
		{47BB589E-63ED-4C46-857D-98DC2215C9CA}.Debug|Mixed Platforms.Build.0 = Debug|Any CPU
		{47BB589E-63ED-4C46-857D-98DC2215C9CA}.Debug|x86.ActiveCfg = Debug|Any CPU
		{47BB589E-63ED-4C46-857D-98DC2215C9CA}.Release|Any CPU.ActiveCfg = Release|Any CPU
		{47BB589E-63ED-4C46-857D-98DC2215C9CA}.Release|Any CPU.Build.0 = Release|Any CPU
		{47BB589E-63ED-4C46-857D-98DC2215C9CA}.Release|Mixed Platforms.ActiveCfg = Release|Any CPU
		{47BB589E-63ED-4C46-857D-98DC2215C9CA}.Release|Mixed Platforms.Build.0 = Release|Any CPU
		{47BB589E-63ED-4C46-857D-98DC2215C9CA}.Release|x86.ActiveCfg = Release|Any CPU
		{7C9A0D70-AC86-4299-BB9E-68590943C674}.Debug|Any CPU.ActiveCfg = Debug|Any CPU
		{7C9A0D70-AC86-4299-BB9E-68590943C674}.Debug|Any CPU.Build.0 = Debug|Any CPU
		{7C9A0D70-AC86-4299-BB9E-68590943C674}.Debug|Mixed Platforms.ActiveCfg = Debug|Any CPU
		{7C9A0D70-AC86-4299-BB9E-68590943C674}.Debug|Mixed Platforms.Build.0 = Debug|Any CPU
		{7C9A0D70-AC86-4299-BB9E-68590943C674}.Debug|x86.ActiveCfg = Debug|Any CPU
		{7C9A0D70-AC86-4299-BB9E-68590943C674}.Release|Any CPU.ActiveCfg = Release|Any CPU
		{7C9A0D70-AC86-4299-BB9E-68590943C674}.Release|Any CPU.Build.0 = Release|Any CPU
		{7C9A0D70-AC86-4299-BB9E-68590943C674}.Release|Mixed Platforms.ActiveCfg = Release|Any CPU
		{7C9A0D70-AC86-4299-BB9E-68590943C674}.Release|Mixed Platforms.Build.0 = Release|Any CPU
		{7C9A0D70-AC86-4299-BB9E-68590943C674}.Release|x86.ActiveCfg = Release|Any CPU
		{E6371289-4FBC-412C-B136-7D27613CB77A}.Debug|Any CPU.ActiveCfg = Debug|x86
		{E6371289-4FBC-412C-B136-7D27613CB77A}.Debug|Mixed Platforms.ActiveCfg = Debug|x86
		{E6371289-4FBC-412C-B136-7D27613CB77A}.Debug|Mixed Platforms.Build.0 = Debug|x86
		{E6371289-4FBC-412C-B136-7D27613CB77A}.Debug|x86.ActiveCfg = Debug|x86
		{E6371289-4FBC-412C-B136-7D27613CB77A}.Debug|x86.Build.0 = Debug|x86
		{E6371289-4FBC-412C-B136-7D27613CB77A}.Release|Any CPU.ActiveCfg = Release|x86
		{E6371289-4FBC-412C-B136-7D27613CB77A}.Release|Mixed Platforms.ActiveCfg = Release|x86
		{E6371289-4FBC-412C-B136-7D27613CB77A}.Release|Mixed Platforms.Build.0 = Release|x86
		{E6371289-4FBC-412C-B136-7D27613CB77A}.Release|x86.ActiveCfg = Release|x86
		{E6371289-4FBC-412C-B136-7D27613CB77A}.Release|x86.Build.0 = Release|x86
		{C60E5959-14C9-41BF-9247-261FEBAD019E}.Debug|Any CPU.ActiveCfg = Debug|x86
		{C60E5959-14C9-41BF-9247-261FEBAD019E}.Debug|Mixed Platforms.ActiveCfg = Debug|x86
		{C60E5959-14C9-41BF-9247-261FEBAD019E}.Debug|Mixed Platforms.Build.0 = Debug|x86
		{C60E5959-14C9-41BF-9247-261FEBAD019E}.Debug|x86.ActiveCfg = Debug|x86
		{C60E5959-14C9-41BF-9247-261FEBAD019E}.Debug|x86.Build.0 = Debug|x86
		{C60E5959-14C9-41BF-9247-261FEBAD019E}.Release|Any CPU.ActiveCfg = Release|x86
		{C60E5959-14C9-41BF-9247-261FEBAD019E}.Release|Mixed Platforms.ActiveCfg = Release|x86
		{C60E5959-14C9-41BF-9247-261FEBAD019E}.Release|Mixed Platforms.Build.0 = Release|x86
		{C60E5959-14C9-41BF-9247-261FEBAD019E}.Release|x86.ActiveCfg = Release|x86
		{C60E5959-14C9-41BF-9247-261FEBAD019E}.Release|x86.Build.0 = Release|x86
		{8308ED0D-8068-4205-B6E2-B7F0620CDD81}.Debug|Any CPU.ActiveCfg = Debug|Any CPU
		{8308ED0D-8068-4205-B6E2-B7F0620CDD81}.Debug|Any CPU.Build.0 = Debug|Any CPU
		{8308ED0D-8068-4205-B6E2-B7F0620CDD81}.Debug|Mixed Platforms.ActiveCfg = Debug|Any CPU
		{8308ED0D-8068-4205-B6E2-B7F0620CDD81}.Debug|Mixed Platforms.Build.0 = Debug|Any CPU
		{8308ED0D-8068-4205-B6E2-B7F0620CDD81}.Debug|x86.ActiveCfg = Debug|Any CPU
		{8308ED0D-8068-4205-B6E2-B7F0620CDD81}.Release|Any CPU.ActiveCfg = Release|Any CPU
		{8308ED0D-8068-4205-B6E2-B7F0620CDD81}.Release|Any CPU.Build.0 = Release|Any CPU
		{8308ED0D-8068-4205-B6E2-B7F0620CDD81}.Release|Mixed Platforms.ActiveCfg = Release|Any CPU
		{8308ED0D-8068-4205-B6E2-B7F0620CDD81}.Release|Mixed Platforms.Build.0 = Release|Any CPU
		{8308ED0D-8068-4205-B6E2-B7F0620CDD81}.Release|x86.ActiveCfg = Release|Any CPU
		{D0E09F8D-71E7-42E7-BD50-B27E71A3CFBF}.Debug|Any CPU.ActiveCfg = Debug|x86
		{D0E09F8D-71E7-42E7-BD50-B27E71A3CFBF}.Debug|Mixed Platforms.ActiveCfg = Debug|x86
		{D0E09F8D-71E7-42E7-BD50-B27E71A3CFBF}.Debug|Mixed Platforms.Build.0 = Debug|x86
		{D0E09F8D-71E7-42E7-BD50-B27E71A3CFBF}.Debug|x86.ActiveCfg = Debug|x86
		{D0E09F8D-71E7-42E7-BD50-B27E71A3CFBF}.Debug|x86.Build.0 = Debug|x86
		{D0E09F8D-71E7-42E7-BD50-B27E71A3CFBF}.Release|Any CPU.ActiveCfg = Release|x86
		{D0E09F8D-71E7-42E7-BD50-B27E71A3CFBF}.Release|Mixed Platforms.ActiveCfg = Release|x86
		{D0E09F8D-71E7-42E7-BD50-B27E71A3CFBF}.Release|Mixed Platforms.Build.0 = Release|x86
		{D0E09F8D-71E7-42E7-BD50-B27E71A3CFBF}.Release|x86.ActiveCfg = Release|x86
		{D0E09F8D-71E7-42E7-BD50-B27E71A3CFBF}.Release|x86.Build.0 = Release|x86
	EndGlobalSection
	GlobalSection(SolutionProperties) = preSolution
		HideSolutionNode = FALSE
	EndGlobalSection
EndGlobal
